
Microsoft Visual Studio Solution File, Format Version 12.00
# Visual Studio Version 16
VisualStudioVersion = 16.0.30804.86
MinimumVisualStudioVersion = 10.0.40219.1
Project("{FAE04EC0-301F-11D3-BF4B-00C04F79EFBC}") = "OrderManagement", "OrderManagement.csproj", "{B2711589-CC36-48FE-B1F0-3A47AD5B5F68}"
EndProject
Global
	GlobalSection(SolutionConfigurationPlatforms) = preSolution
		Debug|Any CPU = Debug|Any CPU
		Release|Any CPU = Release|Any CPU
	EndGlobalSection
	GlobalSection(ProjectConfigurationPlatforms) = postSolution
		{B2711589-CC36-48FE-B1F0-3A47AD5B5F68}.Debug|Any CPU.ActiveCfg = Debug|Any CPU
		{B2711589-CC36-48FE-B1F0-3A47AD5B5F68}.Debug|Any CPU.Build.0 = Debug|Any CPU
		{B2711589-CC36-48FE-B1F0-3A47AD5B5F68}.Release|Any CPU.ActiveCfg = Release|Any CPU
		{B2711589-CC36-48FE-B1F0-3A47AD5B5F68}.Release|Any CPU.Build.0 = Release|Any CPU
	EndGlobalSection
	GlobalSection(SolutionProperties) = preSolution
		HideSolutionNode = FALSE
	EndGlobalSection
	GlobalSection(ExtensibilityGlobals) = postSolution
		SolutionGuid = {4F41EDAD-84FC-439C-91FD-CA541EAA2F12}
	EndGlobalSection
EndGlobal
